
Microsoft Visual Studio Solution File, Format Version 12.00
# Visual Studio Version 17
VisualStudioVersion = 17.6.33815.320
MinimumVisualStudioVersion = 10.0.40219.1
Project("{FAE04EC0-301F-11D3-BF4B-00C04F79EFBC}") = "WebApp", "WebApp\WebApp.csproj", "{9F20C97C-200D-4B03-96DD-69EE784F57F4}"
EndProject
Project("{FAE04EC0-301F-11D3-BF4B-00C04F79EFBC}") = "Domain", "Domain\Domain.csproj", "{6BDFB319-3BC1-47CB-871F-B84BCBBBF439}"
EndProject
Project("{FAE04EC0-301F-11D3-BF4B-00C04F79EFBC}") = "Application", "Application\Application.csproj", "{3B8F403B-DC27-4332-9ECF-C8ED1E3DEBE2}"
EndProject
Project("{FAE04EC0-301F-11D3-BF4B-00C04F79EFBC}") = "Infraestructure", "Infraestructure\Infraestructure.csproj", "{8EAB7D1A-2CE0-479D-9374-5F88EB026592}"
EndProject
Project("{FAE04EC0-301F-11D3-BF4B-00C04F79EFBC}") = "Utils", "Utils\Utils.csproj", "{3905B292-6DAB-4A71-B569-93BCA550E1B5}"
EndProject
Global
	GlobalSection(SolutionConfigurationPlatforms) = preSolution
		Debug|Any CPU = Debug|Any CPU
		Release|Any CPU = Release|Any CPU
	EndGlobalSection
	GlobalSection(ProjectConfigurationPlatforms) = postSolution
		{9F20C97C-200D-4B03-96DD-69EE784F57F4}.Debug|Any CPU.ActiveCfg = Debug|Any CPU
		{9F20C97C-200D-4B03-96DD-69EE784F57F4}.Debug|Any CPU.Build.0 = Debug|Any CPU
		{9F20C97C-200D-4B03-96DD-69EE784F57F4}.Release|Any CPU.ActiveCfg = Release|Any CPU
		{9F20C97C-200D-4B03-96DD-69EE784F57F4}.Release|Any CPU.Build.0 = Release|Any CPU
		{6BDFB319-3BC1-47CB-871F-B84BCBBBF439}.Debug|Any CPU.ActiveCfg = Debug|Any CPU
		{6BDFB319-3BC1-47CB-871F-B84BCBBBF439}.Debug|Any CPU.Build.0 = Debug|Any CPU
		{6BDFB319-3BC1-47CB-871F-B84BCBBBF439}.Release|Any CPU.ActiveCfg = Release|Any CPU
		{6BDFB319-3BC1-47CB-871F-B84BCBBBF439}.Release|Any CPU.Build.0 = Release|Any CPU
		{3B8F403B-DC27-4332-9ECF-C8ED1E3DEBE2}.Debug|Any CPU.ActiveCfg = Debug|Any CPU
		{3B8F403B-DC27-4332-9ECF-C8ED1E3DEBE2}.Debug|Any CPU.Build.0 = Debug|Any CPU
		{3B8F403B-DC27-4332-9ECF-C8ED1E3DEBE2}.Release|Any CPU.ActiveCfg = Release|Any CPU
		{3B8F403B-DC27-4332-9ECF-C8ED1E3DEBE2}.Release|Any CPU.Build.0 = Release|Any CPU
		{8EAB7D1A-2CE0-479D-9374-5F88EB026592}.Debug|Any CPU.ActiveCfg = Debug|Any CPU
		{8EAB7D1A-2CE0-479D-9374-5F88EB026592}.Debug|Any CPU.Build.0 = Debug|Any CPU
		{8EAB7D1A-2CE0-479D-9374-5F88EB026592}.Release|Any CPU.ActiveCfg = Release|Any CPU
		{8EAB7D1A-2CE0-479D-9374-5F88EB026592}.Release|Any CPU.Build.0 = Release|Any CPU
		{3905B292-6DAB-4A71-B569-93BCA550E1B5}.Debug|Any CPU.ActiveCfg = Debug|Any CPU
		{3905B292-6DAB-4A71-B569-93BCA550E1B5}.Debug|Any CPU.Build.0 = Debug|Any CPU
		{3905B292-6DAB-4A71-B569-93BCA550E1B5}.Release|Any CPU.ActiveCfg = Release|Any CPU
		{3905B292-6DAB-4A71-B569-93BCA550E1B5}.Release|Any CPU.Build.0 = Release|Any CPU
	EndGlobalSection
	GlobalSection(SolutionProperties) = preSolution
		HideSolutionNode = FALSE
	EndGlobalSection
	GlobalSection(ExtensibilityGlobals) = postSolution
		SolutionGuid = {316264B9-DDE6-40B8-9917-456A3C6A1020}
	EndGlobalSection
EndGlobal
